{
    "_readme": [
        "This file locks the dependencies of your project to a known state",
        "Read more about it at https://getcomposer.org/doc/01-basic-usage.md#composer-lock-the-lock-file",
        "This file is @generated automatically"
    ],
    "hash": "c206a2b26165922b3592ac2c9953794b",
    "content-hash": "029e455a2abf2f72a3a6e4783a0f8c60",
    "packages": [
        {
            "name": "m1ome/phalcon-datatables",
            "version": "1.1.7",
            "source": {
                "type": "git",
                "url": "https://github.com/m1ome/phalcon-datatables.git",
                "reference": "dfa67667557cb8464b4917bfe2856adb3a0380e4"
            },
            "dist": {
                "type": "zip",
                "url": "https://api.github.com/repos/m1ome/phalcon-datatables/zipball/dfa67667557cb8464b4917bfe2856adb3a0380e4",
                "reference": "dfa67667557cb8464b4917bfe2856adb3a0380e4",
                "shasum": ""
            },
            "require-dev": {
                "crysalead/kahlan": "~1.1",
                "fzaninotto/faker": "1.5.*@dev"
            },
            "type": "library",
            "extra": {
                "branch-alias": {
                    "dev_master": "1.0-dev"
                }
            },
            "autoload": {
                "psr-4": {
                    "DataTables\\": "src/"
                }
            },
            "notification-url": "https://packagist.org/downloads/",
            "license": [
                "MIT"
            ],
            "authors": [
                {
                    "name": "Pavel Makarenko",
                    "email": "cryfall@gmail.com"
                }
            ],
            "description": "DataTables adapter for Phalcon Framework",
            "keywords": [
                "datatables",
                "phalcon",
                "plugin"
            ],
            "time": "2015-11-27 10:13:36"
        }
    ],
    "packages-dev": [],
    "aliases": [],
    "minimum-stability": "stable",
    "stability-flags": [],
    "prefer-stable": false,
    "prefer-lowest": false,
    "platform": {
        "php": ">=5.5",
        "ext-phalcon": ">=3.0.2"
    },
    "platform-dev": []
}
